{
    "_readme": [
        "This file locks the dependencies of your project to a known state",
        "Read more about it at https://getcomposer.org/doc/01-basic-usage.md#composer-lock-the-lock-file",
        "This file is @generated automatically"
    ],
    "content-hash": "a92b7299a9c4038b2f65ede6dba37304",
    "packages": [
        {
            "name": "leafo/lessphp",
            "version": "v0.5.0",
            "source": {
                "type": "git",
                "url": "https://github.com/leafo/lessphp.git",
                "reference": "0f5a7f5545d2bcf4e9fad9a228c8ad89cc9aa283"
            },
            "dist": {
                "type": "zip",
                "url": "https://api.github.com/repos/leafo/lessphp/zipball/0f5a7f5545d2bcf4e9fad9a228c8ad89cc9aa283",
                "reference": "0f5a7f5545d2bcf4e9fad9a228c8ad89cc9aa283",
                "shasum": ""
            },
            "type": "library",
            "extra": {
                "branch-alias": {
                    "dev-master": "0.4.x-dev"
                }
            },
            "autoload": {
                "classmap": [
                    "lessc.inc.php"
                ]
            },
            "notification-url": "https://packagist.org/downloads/",
            "license": [
                "MIT",
                "GPL-3.0"
            ],
            "authors": [
                {
                    "name": "Leaf Corcoran",
                    "email": "leafot@gmail.com",
                    "homepage": "http://leafo.net"
                }
            ],
            "description": "lessphp is a compiler for LESS written in PHP.",
            "homepage": "http://leafo.net/lessphp/",
            "time": "2014-11-24 18:39:20"
        },
        {
            "name": "oyejorge/less.php",
            "version": "1.7.x-dev",
            "source": {
                "type": "git",
                "url": "https://github.com/oyejorge/less.php.git",
                "reference": "8f77f13bbc4d5997c76322523e1fb28376acf080"
            },
            "dist": {
                "type": "zip",
                "url": "https://api.github.com/repos/oyejorge/less.php/zipball/8f77f13bbc4d5997c76322523e1fb28376acf080",
                "reference": "8f77f13bbc4d5997c76322523e1fb28376acf080",
                "shasum": ""
            },
            "require": {
                "php": ">=5.2"
            },
            "bin": [
                "bin/lessc"
            ],
            "type": "library",
            "autoload": {
                "psr-0": {
                    "Less": "lib/"
                },
                "classmap": [
                    "lessc.inc.php"
                ]
            },
            "notification-url": "https://packagist.org/downloads/",
            "license": [
                "Apache-2.0"
            ],
            "authors": [
                {
                    "name": "Matt Agar",
                    "homepage": "https://github.com/agar"
                },
                {
                    "name": "Martin Jantošovič",
                    "homepage": "https://github.com/Mordred"
                },
                {
                    "name": "Josh Schmidt",
                    "homepage": "https://github.com/oyejorge"
                }
            ],
            "description": "PHP port of the Javascript version of LESS http://lesscss.org",
            "homepage": "http://lessphp.gpeasy.com",
            "keywords": [
                "css",
                "less",
                "less.js",
                "lesscss",
                "php",
                "stylesheet"
            ],
            "time": "2014-03-04 18:49:54"
        },
        {
            "name": "summernote/summernote",
            "version": "v0.8.2",
            "source": {
                "type": "git",
                "url": "https://github.com/summernote/summernote.git",
                "reference": "9a5e5abe214f194d920b219c409322dfa7688c8c"
            },
            "dist": {
                "type": "zip",
                "url": "https://api.github.com/repos/summernote/summernote/zipball/9a5e5abe214f194d920b219c409322dfa7688c8c",
                "reference": "9a5e5abe214f194d920b219c409322dfa7688c8c",
                "shasum": ""
            },
            "type": "library",
            "notification-url": "https://packagist.org/downloads/",
            "license": [
                "MIT"
            ],
            "authors": [
                {
                    "name": "Alan",
                    "email": "susukang98@gmail.com",
                    "role": "lead"
                }
            ],
            "description": "Super Simple WYSIWYG Editor on Bootstrap(3.0 and 2.x).",
            "homepage": "http://summernote.org/",
            "keywords": [
                "wysiwyg"
            ],
            "time": "2016-08-07 05:17:16"
        },
        {
            "name": "twig/twig",
            "version": "v1.24.2",
            "source": {
                "type": "git",
                "url": "https://github.com/twigphp/Twig.git",
                "reference": "33093f6e310e6976baeac7b14f3a6ec02f2d79b7"
            },
            "dist": {
                "type": "zip",
                "url": "https://api.github.com/repos/twigphp/Twig/zipball/33093f6e310e6976baeac7b14f3a6ec02f2d79b7",
                "reference": "33093f6e310e6976baeac7b14f3a6ec02f2d79b7",
                "shasum": ""
            },
            "require": {
                "php": ">=5.2.7"
            },
            "require-dev": {
                "symfony/debug": "~2.7",
                "symfony/phpunit-bridge": "~2.7"
            },
            "type": "library",
            "extra": {
                "branch-alias": {
                    "dev-master": "1.24-dev"
                }
            },
            "autoload": {
                "psr-0": {
                    "Twig_": "lib/"
                }
            },
            "notification-url": "https://packagist.org/downloads/",
            "license": [
                "BSD-3-Clause"
            ],
            "authors": [
                {
                    "name": "Fabien Potencier",
                    "email": "fabien@symfony.com",
                    "homepage": "http://fabien.potencier.org",
                    "role": "Lead Developer"
                },
                {
                    "name": "Armin Ronacher",
                    "email": "armin.ronacher@active-4.com",
                    "role": "Project Founder"
                },
                {
                    "name": "Twig Team",
                    "homepage": "http://twig.sensiolabs.org/contributors",
                    "role": "Contributors"
                }
            ],
            "description": "Twig, the flexible, fast, and secure template language for PHP",
            "homepage": "http://twig.sensiolabs.org",
            "keywords": [
                "templating"
            ],
            "time": "2016-09-01 17:50:53"
        },
        {
            "name": "twitter/bootstrap",
            "version": "v2.3.2",
            "source": {
                "type": "git",
                "url": "https://github.com/twbs/bootstrap.git",
                "reference": "b4c4072679943773a7582daa63f545ba818fa627"
            },
            "dist": {
                "type": "zip",
                "url": "https://api.github.com/repos/twbs/bootstrap/zipball/b4c4072679943773a7582daa63f545ba818fa627",
                "reference": "b4c4072679943773a7582daa63f545ba818fa627",
                "shasum": ""
            },
            "type": "library",
            "notification-url": "https://packagist.org/downloads/",
            "license": [
                "Apache-2.0"
            ],
            "description": "Sleek, intuitive, and powerful front-end framework for faster and easier web development.",
            "homepage": "http://twbs.github.com/bootstrap/",
            "keywords": [
                "bootstrap",
                "css"
            ],
            "time": "2013-07-27 06:36:38"
        }
    ],
    "packages-dev": [],
    "aliases": [],
    "minimum-stability": "dev",
    "stability-flags": [],
    "prefer-stable": false,
    "prefer-lowest": false,
    "platform": [],
    "platform-dev": []
}
